
Microsoft Visual Studio Solution File, Format Version 12.00
# Visual Studio 15
VisualStudioVersion = 15.0.28307.1684
MinimumVisualStudioVersion = 10.0.40219.1
Project("{FAE04EC0-301F-11D3-BF4B-00C04F79EFBC}") = "TestJenkinsEFPipelines", "TestJenkinsEFPipelines\TestJenkinsEFPipelines.csproj", "{5765D039-EF43-4865-A4D9-A8AC83E842B1}"
EndProject
Project("{FAE04EC0-301F-11D3-BF4B-00C04F79EFBC}") = "TestJenkinsEFPipelines.Test", "TestJenkinsEFPipelines.Test\TestJenkinsEFPipelines.Test.csproj", "{2FD118D8-C046-408B-85CA-81DAC1A500AA}"
EndProject
Global
	GlobalSection(SolutionConfigurationPlatforms) = preSolution
		Debug|Any CPU = Debug|Any CPU
		Release|Any CPU = Release|Any CPU
	EndGlobalSection
	GlobalSection(ProjectConfigurationPlatforms) = postSolution
		{5765D039-EF43-4865-A4D9-A8AC83E842B1}.Debug|Any CPU.ActiveCfg = Debug|Any CPU
		{5765D039-EF43-4865-A4D9-A8AC83E842B1}.Debug|Any CPU.Build.0 = Debug|Any CPU
		{5765D039-EF43-4865-A4D9-A8AC83E842B1}.Release|Any CPU.ActiveCfg = Release|Any CPU
		{5765D039-EF43-4865-A4D9-A8AC83E842B1}.Release|Any CPU.Build.0 = Release|Any CPU
		{2FD118D8-C046-408B-85CA-81DAC1A500AA}.Debug|Any CPU.ActiveCfg = Debug|Any CPU
		{2FD118D8-C046-408B-85CA-81DAC1A500AA}.Debug|Any CPU.Build.0 = Debug|Any CPU
		{2FD118D8-C046-408B-85CA-81DAC1A500AA}.Release|Any CPU.ActiveCfg = Release|Any CPU
		{2FD118D8-C046-408B-85CA-81DAC1A500AA}.Release|Any CPU.Build.0 = Release|Any CPU
	EndGlobalSection
	GlobalSection(SolutionProperties) = preSolution
		HideSolutionNode = FALSE
	EndGlobalSection
	GlobalSection(ExtensibilityGlobals) = postSolution
		SolutionGuid = {5C07D5B5-63D1-42F2-B205-48FCB92866FE}
	EndGlobalSection
EndGlobal
